
Microsoft Visual Studio Solution File, Format Version 11.00
# Visual Studio 2010
Project("{FAE04EC0-301F-11D3-BF4B-00C04F79EFBC}") = "Unity.Timeline", "Unity.Timeline.csproj", "{dffc60a8-6f56-e38b-3d0c-bfb9cc81b784}"
EndProject
Project("{FAE04EC0-301F-11D3-BF4B-00C04F79EFBC}") = "Unity.Timeline.Editor", "Unity.Timeline.Editor.csproj", "{2e839178-b078-3bb9-9733-e7ab7a98aa50}"
EndProject
Project("{FAE04EC0-301F-11D3-BF4B-00C04F79EFBC}") = "Unity.PlasticSCM.Editor", "Unity.PlasticSCM.Editor.csproj", "{606c72c5-3611-4c4f-3a15-0631b8a59eb0}"
EndProject
Project("{FAE04EC0-301F-11D3-BF4B-00C04F79EFBC}") = "Unity.Mobile.AndroidLogcat.Editor", "Unity.Mobile.AndroidLogcat.Editor.csproj", "{e7b47515-93d1-6c06-5f39-5a3ead6418cc}"
EndProject
Project("{FAE04EC0-301F-11D3-BF4B-00C04F79EFBC}") = "Unity.TextMeshPro.Editor", "Unity.TextMeshPro.Editor.csproj", "{95d02ddb-bb1b-e359-7799-04b2deab61c1}"
EndProject
Project("{FAE04EC0-301F-11D3-BF4B-00C04F79EFBC}") = "Unity.2D.Aseprite.Editor", "Unity.2D.Aseprite.Editor.csproj", "{22c335ac-06e1-367f-1289-aeb09d44626e}"
EndProject
Project("{FAE04EC0-301F-11D3-BF4B-00C04F79EFBC}") = "Unity.VisualScripting.Flow", "Unity.VisualScripting.Flow.csproj", "{1e7c55bc-6bcc-9478-ddf3-b5ea01e20815}"
EndProject
Project("{FAE04EC0-301F-11D3-BF4B-00C04F79EFBC}") = "Unity.2D.Psdimporter.Editor", "Unity.2D.Psdimporter.Editor.csproj", "{c049abbd-7a25-b5d9-443d-4184a94148d8}"
EndProject
Project("{FAE04EC0-301F-11D3-BF4B-00C04F79EFBC}") = "Unity.VisualScripting.Core", "Unity.VisualScripting.Core.csproj", "{a43a2f40-120e-c0fd-0599-205dffb799fe}"
EndProject
Project("{FAE04EC0-301F-11D3-BF4B-00C04F79EFBC}") = "Unity.Mathematics", "Unity.Mathematics.csproj", "{bb9ebfbd-8ad5-00e4-5580-628733088656}"
EndProject
Project("{FAE04EC0-301F-11D3-BF4B-00C04F79EFBC}") = "Unity.2D.Common.Path.Editor", "Unity.2D.Common.Path.Editor.csproj", "{6e142b74-ba0c-c05f-407a-f08f22c508cb}"
EndProject
Project("{FAE04EC0-301F-11D3-BF4B-00C04F79EFBC}") = "Unity.VisualScripting.Core.Editor", "Unity.VisualScripting.Core.Editor.csproj", "{fd0ab73b-8673-40a3-cf93-20926718dd0f}"
EndProject
Project("{FAE04EC0-301F-11D3-BF4B-00C04F79EFBC}") = "Unity.2D.IK.Runtime", "Unity.2D.IK.Runtime.csproj", "{bd455618-f8a2-6587-6640-8e1ec7729d80}"
EndProject
Project("{FAE04EC0-301F-11D3-BF4B-00C04F79EFBC}") = "Unity.2D.Animation.Editor", "Unity.2D.Animation.Editor.csproj", "{0c563e52-f6dd-16a2-e247-99627931de4a}"
EndProject
Project("{FAE04EC0-301F-11D3-BF4B-00C04F79EFBC}") = "Unity.VisualScripting.Flow.Editor", "Unity.VisualScripting.Flow.Editor.csproj", "{f7bbdc72-a2d4-9e8b-e07c-0c1d8bbce3c2}"
EndProject
Project("{FAE04EC0-301F-11D3-BF4B-00C04F79EFBC}") = "UnityEditor.TestRunner", "UnityEditor.TestRunner.csproj", "{d6f49f22-90cd-ec29-c87b-35dc4d510e9b}"
EndProject
Project("{FAE04EC0-301F-11D3-BF4B-00C04F79EFBC}") = "Unity.VisualScripting.SettingsProvider.Editor", "Unity.VisualScripting.SettingsProvider.Editor.csproj", "{88256818-c2fc-9ecd-8022-25e159b87799}"
EndProject
Project("{FAE04EC0-301F-11D3-BF4B-00C04F79EFBC}") = "UnityEngine.TestRunner", "UnityEngine.TestRunner.csproj", "{77196c14-606f-c0d3-be55-d555f42c6667}"
EndProject
Project("{FAE04EC0-301F-11D3-BF4B-00C04F79EFBC}") = "PsdPlugin", "PsdPlugin.csproj", "{746a204c-5360-eaa5-d216-a9b8352d3178}"
EndProject
Project("{FAE04EC0-301F-11D3-BF4B-00C04F79EFBC}") = "Unity.Burst", "Unity.Burst.csproj", "{a32b6cf6-b929-ed7f-06aa-c31483c5a12e}"
EndProject
Project("{FAE04EC0-301F-11D3-BF4B-00C04F79EFBC}") = "Unity.2D.SpriteShape.Editor", "Unity.2D.SpriteShape.Editor.csproj", "{e8649190-5388-f541-cb28-3cb8bf7f4166}"
EndProject
Project("{FAE04EC0-301F-11D3-BF4B-00C04F79EFBC}") = "Unity.Collections", "Unity.Collections.csproj", "{3c8c391e-82c0-e2e7-3f70-97ddf557de89}"
EndProject
Project("{FAE04EC0-301F-11D3-BF4B-00C04F79EFBC}") = "Unity.VisualStudio.Editor", "Unity.VisualStudio.Editor.csproj", "{213467b7-859e-ed6f-95fa-6751daf91a62}"
EndProject
Project("{FAE04EC0-301F-11D3-BF4B-00C04F79EFBC}") = "Unity.2D.Tilemap.Extras.Editor", "Unity.2D.Tilemap.Extras.Editor.csproj", "{6b1d386b-ab54-55c0-eb75-9c295ca5d991}"
EndProject
Project("{FAE04EC0-301F-11D3-BF4B-00C04F79EFBC}") = "Unity.Rider.Editor", "Unity.Rider.Editor.csproj", "{d331eede-998c-e263-bf2c-c36096c82a20}"
EndProject
Project("{FAE04EC0-301F-11D3-BF4B-00C04F79EFBC}") = "Unity.InternalAPIEditorBridge.001", "Unity.InternalAPIEditorBridge.001.csproj", "{2edcd89f-8ee4-0602-7b1c-c19a9a677a88}"
EndProject
Project("{FAE04EC0-301F-11D3-BF4B-00C04F79EFBC}") = "Unity.2D.SpriteShape.Runtime", "Unity.2D.SpriteShape.Runtime.csproj", "{ea644d6d-1d12-aad1-a1cf-d494ea6fd7f2}"
EndProject
Project("{FAE04EC0-301F-11D3-BF4B-00C04F79EFBC}") = "Unity.CollabProxy.Editor", "Unity.CollabProxy.Editor.csproj", "{41a57175-db46-bae0-9651-182d75266b8e}"
EndProject
Project("{FAE04EC0-301F-11D3-BF4B-00C04F79EFBC}") = "Unity.VisualScripting.State.Editor", "Unity.VisualScripting.State.Editor.csproj", "{d9e9bb0f-92f9-e4d0-df2a-519f46b1d862}"
EndProject
Project("{FAE04EC0-301F-11D3-BF4B-00C04F79EFBC}") = "Unity.2D.Animation.Runtime", "Unity.2D.Animation.Runtime.csproj", "{8ea8fb99-40e0-0824-26e3-81c7c56a85d5}"
EndProject
Project("{FAE04EC0-301F-11D3-BF4B-00C04F79EFBC}") = "Unity.Burst.CodeGen", "Unity.Burst.CodeGen.csproj", "{c5aaae35-d43f-9d0a-e51c-237ce678391e}"
EndProject
Project("{FAE04EC0-301F-11D3-BF4B-00C04F79EFBC}") = "Unity.2D.Tilemap.Extras", "Unity.2D.Tilemap.Extras.csproj", "{c6ca74d2-7521-ff4a-5fcb-bbabb6146ba6}"
EndProject
Project("{FAE04EC0-301F-11D3-BF4B-00C04F79EFBC}") = "Unity.VisualScripting.State", "Unity.VisualScripting.State.csproj", "{94a11e53-3817-cf8c-6ee9-760245f686db}"
EndProject
Project("{FAE04EC0-301F-11D3-BF4B-00C04F79EFBC}") = "Unity.TextMeshPro", "Unity.TextMeshPro.csproj", "{ecc81eb9-1234-68ca-2ac1-cb50b1805471}"
EndProject
Project("{FAE04EC0-301F-11D3-BF4B-00C04F79EFBC}") = "Unity.2D.Aseprite.Common", "Unity.2D.Aseprite.Common.csproj", "{7cb66aed-721a-a7a8-63c4-4d459ba998e3}"
EndProject
Project("{FAE04EC0-301F-11D3-BF4B-00C04F79EFBC}") = "Unity.2D.IK.Editor", "Unity.2D.IK.Editor.csproj", "{da9871d1-552f-ca94-56ba-d02531fb868b}"
EndProject
Project("{FAE04EC0-301F-11D3-BF4B-00C04F79EFBC}") = "Unity.InternalAPIEngineBridge.001", "Unity.InternalAPIEngineBridge.001.csproj", "{49bf11bd-1ed7-5468-cd8b-89ebcedf0c47}"
EndProject
Project("{FAE04EC0-301F-11D3-BF4B-00C04F79EFBC}") = "Unity.Burst.Editor", "Unity.Burst.Editor.csproj", "{63ef7e8c-4eb8-2eab-b8f4-1063060d1fe8}"
EndProject
Project("{FAE04EC0-301F-11D3-BF4B-00C04F79EFBC}") = "Unity.2D.Common.Editor", "Unity.2D.Common.Editor.csproj", "{4c9ff362-24f0-6093-de77-a84178f4e7a6}"
EndProject
Project("{FAE04EC0-301F-11D3-BF4B-00C04F79EFBC}") = "Assembly-CSharp", "Assembly-CSharp.csproj", "{13806e10-fc92-172b-197e-8ed9bd79c51d}"
EndProject
Project("{FAE04EC0-301F-11D3-BF4B-00C04F79EFBC}") = "Unity.2D.PixelPerfect", "Unity.2D.PixelPerfect.csproj", "{736273e0-a2c2-2082-0869-c1ea3d58122d}"
EndProject
Project("{FAE04EC0-301F-11D3-BF4B-00C04F79EFBC}") = "Unity.2D.PixelPerfect.Editor", "Unity.2D.PixelPerfect.Editor.csproj", "{8c17f22a-ec7b-c3f6-8f4d-7f601e4864ec}"
EndProject
Project("{FAE04EC0-301F-11D3-BF4B-00C04F79EFBC}") = "Unity.2D.Common.Runtime", "Unity.2D.Common.Runtime.csproj", "{0902262d-e982-ff76-6b65-6eceda7f03ee}"
EndProject
Project("{FAE04EC0-301F-11D3-BF4B-00C04F79EFBC}") = "Unity.Mathematics.Editor", "Unity.Mathematics.Editor.csproj", "{1cfd4bc4-12eb-38a8-5899-d72ccc239564}"
EndProject
Project("{FAE04EC0-301F-11D3-BF4B-00C04F79EFBC}") = "Unity.Collections.BurstCompatibilityGen", "Unity.Collections.BurstCompatibilityGen.csproj", "{89c87905-c716-e2c5-9873-d86b3ca3ed78}"
EndProject
Project("{FAE04EC0-301F-11D3-BF4B-00C04F79EFBC}") = "Unity.VisualScripting.Shared.Editor", "Unity.VisualScripting.Shared.Editor.csproj", "{df86efd0-e293-9923-274c-deb7782180a9}"
EndProject
Project("{FAE04EC0-301F-11D3-BF4B-00C04F79EFBC}") = "Unity.Collections.DocCodeSamples", "Unity.Collections.DocCodeSamples.csproj", "{142da8d4-512d-4f3e-19f9-87398ccb067f}"
EndProject
Project("{FAE04EC0-301F-11D3-BF4B-00C04F79EFBC}") = "Unity.PlasticSCM.Editor.Entities", "Unity.PlasticSCM.Editor.Entities.csproj", "{becec2c2-e50a-db85-8d89-4d1881bd00e0}"
EndProject
Project("{FAE04EC0-301F-11D3-BF4B-00C04F79EFBC}") = "Unity.Timeline", "Unity.Timeline.Player.csproj", "{665f2f8d-93f0-1626-37d1-636eea22dacd}"
EndProject
Project("{FAE04EC0-301F-11D3-BF4B-00C04F79EFBC}") = "Unity.VisualScripting.Flow", "Unity.VisualScripting.Flow.Player.csproj", "{4a1a7127-1d15-5be7-73f8-5de2ff79620d}"
EndProject
Project("{FAE04EC0-301F-11D3-BF4B-00C04F79EFBC}") = "Unity.VisualScripting.Core", "Unity.VisualScripting.Core.Player.csproj", "{ab0f6468-b6a9-cb64-f89a-ed9fc52eb371}"
EndProject
Project("{FAE04EC0-301F-11D3-BF4B-00C04F79EFBC}") = "Unity.Mathematics", "Unity.Mathematics.Player.csproj", "{c458e023-3a87-26e4-3324-307ac3c8a83c}"
EndProject
Project("{FAE04EC0-301F-11D3-BF4B-00C04F79EFBC}") = "Unity.2D.IK.Runtime", "Unity.2D.IK.Runtime.Player.csproj", "{3474385f-7f01-290a-2837-b296f7797001}"
EndProject
Project("{FAE04EC0-301F-11D3-BF4B-00C04F79EFBC}") = "UnityEngine.TestRunner", "UnityEngine.TestRunner.Player.csproj", "{b35a2eec-365d-d963-fbf3-31150dd53936}"
EndProject
Project("{FAE04EC0-301F-11D3-BF4B-00C04F79EFBC}") = "Unity.Burst", "Unity.Burst.Player.csproj", "{de5b9f3f-1831-5963-6c76-7b8a55bf0ea5}"
EndProject
Project("{FAE04EC0-301F-11D3-BF4B-00C04F79EFBC}") = "Unity.Collections", "Unity.Collections.Player.csproj", "{d635b620-000c-f9e1-ce9a-b07794be22e9}"
EndProject
Project("{FAE04EC0-301F-11D3-BF4B-00C04F79EFBC}") = "Unity.2D.SpriteShape.Runtime", "Unity.2D.SpriteShape.Runtime.Player.csproj", "{cc0e6d4d-6449-3dc0-0920-96f8b2c5027b}"
EndProject
Project("{FAE04EC0-301F-11D3-BF4B-00C04F79EFBC}") = "Unity.2D.Animation.Runtime", "Unity.2D.Animation.Runtime.Player.csproj", "{db19f6f5-7f03-db95-1408-a0b946611f0f}"
EndProject
Project("{FAE04EC0-301F-11D3-BF4B-00C04F79EFBC}") = "Unity.2D.Tilemap.Extras", "Unity.2D.Tilemap.Extras.Player.csproj", "{748ee668-7d38-e093-f9df-de406c7505f0}"
EndProject
Project("{FAE04EC0-301F-11D3-BF4B-00C04F79EFBC}") = "Unity.VisualScripting.State", "Unity.VisualScripting.State.Player.csproj", "{5a2ae43e-c9a8-324c-7104-56c6cf433093}"
EndProject
Project("{FAE04EC0-301F-11D3-BF4B-00C04F79EFBC}") = "Unity.TextMeshPro", "Unity.TextMeshPro.Player.csproj", "{4595b199-e5de-3669-8a05-186b9dfb8d7b}"
EndProject
Project("{FAE04EC0-301F-11D3-BF4B-00C04F79EFBC}") = "Unity.InternalAPIEngineBridge.001", "Unity.InternalAPIEngineBridge.001.Player.csproj", "{c85dbfd2-1164-1e93-602b-2dd5ff665a43}"
EndProject
Project("{FAE04EC0-301F-11D3-BF4B-00C04F79EFBC}") = "Assembly-CSharp", "Assembly-CSharp.Player.csproj", "{fb2dceb4-fe31-5d3d-9adb-a67acf35a766}"
EndProject
Project("{FAE04EC0-301F-11D3-BF4B-00C04F79EFBC}") = "Unity.2D.PixelPerfect", "Unity.2D.PixelPerfect.Player.csproj", "{81e577d9-2241-e510-d6a8-7f26824fd79a}"
EndProject
Project("{FAE04EC0-301F-11D3-BF4B-00C04F79EFBC}") = "Unity.2D.Common.Runtime", "Unity.2D.Common.Runtime.Player.csproj", "{ea6b2417-0b5a-d875-7f03-b748d19430ec}"
EndProject
Project("{FAE04EC0-301F-11D3-BF4B-00C04F79EFBC}") = "Assembly-CSharp-Editor", "Assembly-CSharp-Editor.csproj", "{d75c5ec8-e5c3-0439-59b0-c3f699087f85}"
EndProject
Project("{FAE04EC0-301F-11D3-BF4B-00C04F79EFBC}") = "Unity.Mathematics.Tests", "Unity.Mathematics.Tests.csproj", "{deebb5db-ea1c-beaf-2132-50624dfe3d3d}"
EndProject
Project("{FAE04EC0-301F-11D3-BF4B-00C04F79EFBC}") = "Unity.2D.Aseprite.EditorTests", "Unity.2D.Aseprite.EditorTests.csproj", "{01779733-de6d-f320-fb39-c7ca45297a00}"
EndProject
Project("{FAE04EC0-301F-11D3-BF4B-00C04F79EFBC}") = "Unity.Mobile.AndroidLogcat.Performance.Editor.Tests", "Unity.Mobile.AndroidLogcat.Performance.Editor.Tests.csproj", "{300ed728-8a47-98bf-3aa4-eadbf967f3b6}"
EndProject
Project("{FAE04EC0-301F-11D3-BF4B-00C04F79EFBC}") = "Unity.2D.PixelPerfect.Editor.Tests", "Unity.2D.PixelPerfect.Editor.Tests.csproj", "{7dbf8319-8bbc-dde9-2eaf-0f2243ba021f}"
EndProject
Project("{FAE04EC0-301F-11D3-BF4B-00C04F79EFBC}") = "Unity.2D.SpriteShape.EditorTests", "Unity.2D.SpriteShape.EditorTests.csproj", "{400734dc-ec58-e070-d8c2-cb8b02ab9342}"
EndProject
Project("{FAE04EC0-301F-11D3-BF4B-00C04F79EFBC}") = "Unity.2D.Common.EditorTests", "Unity.2D.Common.EditorTests.csproj", "{08e312d1-b280-3bb1-51ee-ec9b89208d31}"
EndProject
Project("{FAE04EC0-301F-11D3-BF4B-00C04F79EFBC}") = "Unity.TextMeshPro.Editor.Tests", "Unity.TextMeshPro.Editor.Tests.csproj", "{e5d2f0fc-36ee-a056-aa2d-5e8922905bf1}"
EndProject
Project("{FAE04EC0-301F-11D3-BF4B-00C04F79EFBC}") = "DocCodeExamples", "DocCodeExamples.csproj", "{860fd13e-80a9-3319-e580-ed26c33ec1f3}"
EndProject
Project("{FAE04EC0-301F-11D3-BF4B-00C04F79EFBC}") = "Unity.Collections.Tests", "Unity.Collections.Tests.csproj", "{da91e5aa-fdbd-7c8c-a759-ac6cc9ed8421}"
EndProject
Project("{FAE04EC0-301F-11D3-BF4B-00C04F79EFBC}") = "Unity.Mobile.AndroidLogcat.Shared.Editor.Tests", "Unity.Mobile.AndroidLogcat.Shared.Editor.Tests.csproj", "{99cf8459-bb12-a4c6-4ee6-5a1d2c0f6d97}"
EndProject
Project("{FAE04EC0-301F-11D3-BF4B-00C04F79EFBC}") = "Unity.2D.Psdimporter.EditorTests", "Unity.2D.Psdimporter.EditorTests.csproj", "{0b1e9174-a5ff-cf0e-efa8-0ac2e89b3df9}"
EndProject
Project("{FAE04EC0-301F-11D3-BF4B-00C04F79EFBC}") = "Unity.Mobile.AndroidLogcat.Editor.Tests", "Unity.Mobile.AndroidLogcat.Editor.Tests.csproj", "{4b2f92ba-bba6-c48c-6250-20c6258e710c}"
EndProject
Project("{FAE04EC0-301F-11D3-BF4B-00C04F79EFBC}") = "Unity.Collections.Tests.Playmode", "Unity.Collections.Tests.Playmode.csproj", "{5a7f093a-0377-0e9f-5d07-3e8591b17320}"
EndProject
Project("{FAE04EC0-301F-11D3-BF4B-00C04F79EFBC}") = "Unity.2D.Animation.EditorTests", "Unity.2D.Animation.EditorTests.csproj", "{438d8508-93a7-ef62-2bfa-71e0107ca4e5}"
EndProject
Project("{FAE04EC0-301F-11D3-BF4B-00C04F79EFBC}") = "Unity.Mobile.AndroidLogcat.Integration.Editor.Tests", "Unity.Mobile.AndroidLogcat.Integration.Editor.Tests.csproj", "{06e3a5f1-0c00-03bf-060c-35eaea75571e}"
EndProject
Project("{FAE04EC0-301F-11D3-BF4B-00C04F79EFBC}") = "Unity.TextMeshPro.Tests", "Unity.TextMeshPro.Tests.csproj", "{7c3ea777-c9fb-8c01-4228-99264bbb72b9}"
EndProject
Project("{FAE04EC0-301F-11D3-BF4B-00C04F79EFBC}") = "Unity.2D.Tilemap.Extras.Placeholder.EditorTests", "Unity.2D.Tilemap.Extras.Placeholder.EditorTests.csproj", "{bbad36ab-d275-ecc4-97a2-cccf42f6d4bf}"
EndProject
Project("{FAE04EC0-301F-11D3-BF4B-00C04F79EFBC}") = "Unity.Mobile.AndroidLogcat.Runtime.Tests", "Unity.Mobile.AndroidLogcat.Runtime.Tests.csproj", "{67903ba9-0755-a729-219d-44afd449950e}"
EndProject
Project("{FAE04EC0-301F-11D3-BF4B-00C04F79EFBC}") = "Assembly-CSharp-firstpass", "Assembly-CSharp-firstpass.csproj", "{e6bd4abc-5021-cce4-1054-2193bd1cb79f}"
EndProject
Global
	GlobalSection(SolutionConfigurationPlatforms) = preSolution
		Debug|Any CPU = Debug|Any CPU
	EndGlobalSection
	GlobalSection(ProjectConfigurationPlatforms) = postSolution
		{dffc60a8-6f56-e38b-3d0c-bfb9cc81b784}.Debug|Any CPU.ActiveCfg = Debug|Any CPU
		{dffc60a8-6f56-e38b-3d0c-bfb9cc81b784}.Debug|Any CPU.Build.0 = Debug|Any CPU
		{2e839178-b078-3bb9-9733-e7ab7a98aa50}.Debug|Any CPU.ActiveCfg = Debug|Any CPU
		{2e839178-b078-3bb9-9733-e7ab7a98aa50}.Debug|Any CPU.Build.0 = Debug|Any CPU
		{606c72c5-3611-4c4f-3a15-0631b8a59eb0}.Debug|Any CPU.ActiveCfg = Debug|Any CPU
		{606c72c5-3611-4c4f-3a15-0631b8a59eb0}.Debug|Any CPU.Build.0 = Debug|Any CPU
		{e7b47515-93d1-6c06-5f39-5a3ead6418cc}.Debug|Any CPU.ActiveCfg = Debug|Any CPU
		{e7b47515-93d1-6c06-5f39-5a3ead6418cc}.Debug|Any CPU.Build.0 = Debug|Any CPU
		{95d02ddb-bb1b-e359-7799-04b2deab61c1}.Debug|Any CPU.ActiveCfg = Debug|Any CPU
		{95d02ddb-bb1b-e359-7799-04b2deab61c1}.Debug|Any CPU.Build.0 = Debug|Any CPU
		{22c335ac-06e1-367f-1289-aeb09d44626e}.Debug|Any CPU.ActiveCfg = Debug|Any CPU
		{22c335ac-06e1-367f-1289-aeb09d44626e}.Debug|Any CPU.Build.0 = Debug|Any CPU
		{1e7c55bc-6bcc-9478-ddf3-b5ea01e20815}.Debug|Any CPU.ActiveCfg = Debug|Any CPU
		{1e7c55bc-6bcc-9478-ddf3-b5ea01e20815}.Debug|Any CPU.Build.0 = Debug|Any CPU
		{c049abbd-7a25-b5d9-443d-4184a94148d8}.Debug|Any CPU.ActiveCfg = Debug|Any CPU
		{c049abbd-7a25-b5d9-443d-4184a94148d8}.Debug|Any CPU.Build.0 = Debug|Any CPU
		{a43a2f40-120e-c0fd-0599-205dffb799fe}.Debug|Any CPU.ActiveCfg = Debug|Any CPU
		{a43a2f40-120e-c0fd-0599-205dffb799fe}.Debug|Any CPU.Build.0 = Debug|Any CPU
		{bb9ebfbd-8ad5-00e4-5580-628733088656}.Debug|Any CPU.ActiveCfg = Debug|Any CPU
		{bb9ebfbd-8ad5-00e4-5580-628733088656}.Debug|Any CPU.Build.0 = Debug|Any CPU
		{6e142b74-ba0c-c05f-407a-f08f22c508cb}.Debug|Any CPU.ActiveCfg = Debug|Any CPU
		{6e142b74-ba0c-c05f-407a-f08f22c508cb}.Debug|Any CPU.Build.0 = Debug|Any CPU
		{fd0ab73b-8673-40a3-cf93-20926718dd0f}.Debug|Any CPU.ActiveCfg = Debug|Any CPU
		{fd0ab73b-8673-40a3-cf93-20926718dd0f}.Debug|Any CPU.Build.0 = Debug|Any CPU
		{bd455618-f8a2-6587-6640-8e1ec7729d80}.Debug|Any CPU.ActiveCfg = Debug|Any CPU
		{bd455618-f8a2-6587-6640-8e1ec7729d80}.Debug|Any CPU.Build.0 = Debug|Any CPU
		{0c563e52-f6dd-16a2-e247-99627931de4a}.Debug|Any CPU.ActiveCfg = Debug|Any CPU
		{0c563e52-f6dd-16a2-e247-99627931de4a}.Debug|Any CPU.Build.0 = Debug|Any CPU
		{f7bbdc72-a2d4-9e8b-e07c-0c1d8bbce3c2}.Debug|Any CPU.ActiveCfg = Debug|Any CPU
		{f7bbdc72-a2d4-9e8b-e07c-0c1d8bbce3c2}.Debug|Any CPU.Build.0 = Debug|Any CPU
		{d6f49f22-90cd-ec29-c87b-35dc4d510e9b}.Debug|Any CPU.ActiveCfg = Debug|Any CPU
		{d6f49f22-90cd-ec29-c87b-35dc4d510e9b}.Debug|Any CPU.Build.0 = Debug|Any CPU
		{88256818-c2fc-9ecd-8022-25e159b87799}.Debug|Any CPU.ActiveCfg = Debug|Any CPU
		{88256818-c2fc-9ecd-8022-25e159b87799}.Debug|Any CPU.Build.0 = Debug|Any CPU
		{77196c14-606f-c0d3-be55-d555f42c6667}.Debug|Any CPU.ActiveCfg = Debug|Any CPU
		{77196c14-606f-c0d3-be55-d555f42c6667}.Debug|Any CPU.Build.0 = Debug|Any CPU
		{746a204c-5360-eaa5-d216-a9b8352d3178}.Debug|Any CPU.ActiveCfg = Debug|Any CPU
		{746a204c-5360-eaa5-d216-a9b8352d3178}.Debug|Any CPU.Build.0 = Debug|Any CPU
		{a32b6cf6-b929-ed7f-06aa-c31483c5a12e}.Debug|Any CPU.ActiveCfg = Debug|Any CPU
		{a32b6cf6-b929-ed7f-06aa-c31483c5a12e}.Debug|Any CPU.Build.0 = Debug|Any CPU
		{e8649190-5388-f541-cb28-3cb8bf7f4166}.Debug|Any CPU.ActiveCfg = Debug|Any CPU
		{e8649190-5388-f541-cb28-3cb8bf7f4166}.Debug|Any CPU.Build.0 = Debug|Any CPU
		{3c8c391e-82c0-e2e7-3f70-97ddf557de89}.Debug|Any CPU.ActiveCfg = Debug|Any CPU
		{3c8c391e-82c0-e2e7-3f70-97ddf557de89}.Debug|Any CPU.Build.0 = Debug|Any CPU
		{213467b7-859e-ed6f-95fa-6751daf91a62}.Debug|Any CPU.ActiveCfg = Debug|Any CPU
		{213467b7-859e-ed6f-95fa-6751daf91a62}.Debug|Any CPU.Build.0 = Debug|Any CPU
		{6b1d386b-ab54-55c0-eb75-9c295ca5d991}.Debug|Any CPU.ActiveCfg = Debug|Any CPU
		{6b1d386b-ab54-55c0-eb75-9c295ca5d991}.Debug|Any CPU.Build.0 = Debug|Any CPU
		{d331eede-998c-e263-bf2c-c36096c82a20}.Debug|Any CPU.ActiveCfg = Debug|Any CPU
		{d331eede-998c-e263-bf2c-c36096c82a20}.Debug|Any CPU.Build.0 = Debug|Any CPU
		{2edcd89f-8ee4-0602-7b1c-c19a9a677a88}.Debug|Any CPU.ActiveCfg = Debug|Any CPU
		{2edcd89f-8ee4-0602-7b1c-c19a9a677a88}.Debug|Any CPU.Build.0 = Debug|Any CPU
		{ea644d6d-1d12-aad1-a1cf-d494ea6fd7f2}.Debug|Any CPU.ActiveCfg = Debug|Any CPU
		{ea644d6d-1d12-aad1-a1cf-d494ea6fd7f2}.Debug|Any CPU.Build.0 = Debug|Any CPU
		{41a57175-db46-bae0-9651-182d75266b8e}.Debug|Any CPU.ActiveCfg = Debug|Any CPU
		{41a57175-db46-bae0-9651-182d75266b8e}.Debug|Any CPU.Build.0 = Debug|Any CPU
		{d9e9bb0f-92f9-e4d0-df2a-519f46b1d862}.Debug|Any CPU.ActiveCfg = Debug|Any CPU
		{d9e9bb0f-92f9-e4d0-df2a-519f46b1d862}.Debug|Any CPU.Build.0 = Debug|Any CPU
		{8ea8fb99-40e0-0824-26e3-81c7c56a85d5}.Debug|Any CPU.ActiveCfg = Debug|Any CPU
		{8ea8fb99-40e0-0824-26e3-81c7c56a85d5}.Debug|Any CPU.Build.0 = Debug|Any CPU
		{c5aaae35-d43f-9d0a-e51c-237ce678391e}.Debug|Any CPU.ActiveCfg = Debug|Any CPU
		{c5aaae35-d43f-9d0a-e51c-237ce678391e}.Debug|Any CPU.Build.0 = Debug|Any CPU
		{c6ca74d2-7521-ff4a-5fcb-bbabb6146ba6}.Debug|Any CPU.ActiveCfg = Debug|Any CPU
		{c6ca74d2-7521-ff4a-5fcb-bbabb6146ba6}.Debug|Any CPU.Build.0 = Debug|Any CPU
		{94a11e53-3817-cf8c-6ee9-760245f686db}.Debug|Any CPU.ActiveCfg = Debug|Any CPU
		{94a11e53-3817-cf8c-6ee9-760245f686db}.Debug|Any CPU.Build.0 = Debug|Any CPU
		{ecc81eb9-1234-68ca-2ac1-cb50b1805471}.Debug|Any CPU.ActiveCfg = Debug|Any CPU
		{ecc81eb9-1234-68ca-2ac1-cb50b1805471}.Debug|Any CPU.Build.0 = Debug|Any CPU
		{7cb66aed-721a-a7a8-63c4-4d459ba998e3}.Debug|Any CPU.ActiveCfg = Debug|Any CPU
		{7cb66aed-721a-a7a8-63c4-4d459ba998e3}.Debug|Any CPU.Build.0 = Debug|Any CPU
		{da9871d1-552f-ca94-56ba-d02531fb868b}.Debug|Any CPU.ActiveCfg = Debug|Any CPU
		{da9871d1-552f-ca94-56ba-d02531fb868b}.Debug|Any CPU.Build.0 = Debug|Any CPU
		{49bf11bd-1ed7-5468-cd8b-89ebcedf0c47}.Debug|Any CPU.ActiveCfg = Debug|Any CPU
		{49bf11bd-1ed7-5468-cd8b-89ebcedf0c47}.Debug|Any CPU.Build.0 = Debug|Any CPU
		{63ef7e8c-4eb8-2eab-b8f4-1063060d1fe8}.Debug|Any CPU.ActiveCfg = Debug|Any CPU
		{63ef7e8c-4eb8-2eab-b8f4-1063060d1fe8}.Debug|Any CPU.Build.0 = Debug|Any CPU
		{4c9ff362-24f0-6093-de77-a84178f4e7a6}.Debug|Any CPU.ActiveCfg = Debug|Any CPU
		{4c9ff362-24f0-6093-de77-a84178f4e7a6}.Debug|Any CPU.Build.0 = Debug|Any CPU
		{13806e10-fc92-172b-197e-8ed9bd79c51d}.Debug|Any CPU.ActiveCfg = Debug|Any CPU
		{13806e10-fc92-172b-197e-8ed9bd79c51d}.Debug|Any CPU.Build.0 = Debug|Any CPU
		{736273e0-a2c2-2082-0869-c1ea3d58122d}.Debug|Any CPU.ActiveCfg = Debug|Any CPU
		{736273e0-a2c2-2082-0869-c1ea3d58122d}.Debug|Any CPU.Build.0 = Debug|Any CPU
		{8c17f22a-ec7b-c3f6-8f4d-7f601e4864ec}.Debug|Any CPU.ActiveCfg = Debug|Any CPU
		{8c17f22a-ec7b-c3f6-8f4d-7f601e4864ec}.Debug|Any CPU.Build.0 = Debug|Any CPU
		{0902262d-e982-ff76-6b65-6eceda7f03ee}.Debug|Any CPU.ActiveCfg = Debug|Any CPU
		{0902262d-e982-ff76-6b65-6eceda7f03ee}.Debug|Any CPU.Build.0 = Debug|Any CPU
		{1cfd4bc4-12eb-38a8-5899-d72ccc239564}.Debug|Any CPU.ActiveCfg = Debug|Any CPU
		{1cfd4bc4-12eb-38a8-5899-d72ccc239564}.Debug|Any CPU.Build.0 = Debug|Any CPU
		{89c87905-c716-e2c5-9873-d86b3ca3ed78}.Debug|Any CPU.ActiveCfg = Debug|Any CPU
		{89c87905-c716-e2c5-9873-d86b3ca3ed78}.Debug|Any CPU.Build.0 = Debug|Any CPU
		{df86efd0-e293-9923-274c-deb7782180a9}.Debug|Any CPU.ActiveCfg = Debug|Any CPU
		{df86efd0-e293-9923-274c-deb7782180a9}.Debug|Any CPU.Build.0 = Debug|Any CPU
		{142da8d4-512d-4f3e-19f9-87398ccb067f}.Debug|Any CPU.ActiveCfg = Debug|Any CPU
		{142da8d4-512d-4f3e-19f9-87398ccb067f}.Debug|Any CPU.Build.0 = Debug|Any CPU
		{becec2c2-e50a-db85-8d89-4d1881bd00e0}.Debug|Any CPU.ActiveCfg = Debug|Any CPU
		{becec2c2-e50a-db85-8d89-4d1881bd00e0}.Debug|Any CPU.Build.0 = Debug|Any CPU
		{665f2f8d-93f0-1626-37d1-636eea22dacd}.Debug|Any CPU.ActiveCfg = Debug|Any CPU
		{665f2f8d-93f0-1626-37d1-636eea22dacd}.Debug|Any CPU.Build.0 = Debug|Any CPU
		{4a1a7127-1d15-5be7-73f8-5de2ff79620d}.Debug|Any CPU.ActiveCfg = Debug|Any CPU
		{4a1a7127-1d15-5be7-73f8-5de2ff79620d}.Debug|Any CPU.Build.0 = Debug|Any CPU
		{ab0f6468-b6a9-cb64-f89a-ed9fc52eb371}.Debug|Any CPU.ActiveCfg = Debug|Any CPU
		{ab0f6468-b6a9-cb64-f89a-ed9fc52eb371}.Debug|Any CPU.Build.0 = Debug|Any CPU
		{c458e023-3a87-26e4-3324-307ac3c8a83c}.Debug|Any CPU.ActiveCfg = Debug|Any CPU
		{c458e023-3a87-26e4-3324-307ac3c8a83c}.Debug|Any CPU.Build.0 = Debug|Any CPU
		{3474385f-7f01-290a-2837-b296f7797001}.Debug|Any CPU.ActiveCfg = Debug|Any CPU
		{3474385f-7f01-290a-2837-b296f7797001}.Debug|Any CPU.Build.0 = Debug|Any CPU
		{b35a2eec-365d-d963-fbf3-31150dd53936}.Debug|Any CPU.ActiveCfg = Debug|Any CPU
		{b35a2eec-365d-d963-fbf3-31150dd53936}.Debug|Any CPU.Build.0 = Debug|Any CPU
		{de5b9f3f-1831-5963-6c76-7b8a55bf0ea5}.Debug|Any CPU.ActiveCfg = Debug|Any CPU
		{de5b9f3f-1831-5963-6c76-7b8a55bf0ea5}.Debug|Any CPU.Build.0 = Debug|Any CPU
		{d635b620-000c-f9e1-ce9a-b07794be22e9}.Debug|Any CPU.ActiveCfg = Debug|Any CPU
		{d635b620-000c-f9e1-ce9a-b07794be22e9}.Debug|Any CPU.Build.0 = Debug|Any CPU
		{cc0e6d4d-6449-3dc0-0920-96f8b2c5027b}.Debug|Any CPU.ActiveCfg = Debug|Any CPU
		{cc0e6d4d-6449-3dc0-0920-96f8b2c5027b}.Debug|Any CPU.Build.0 = Debug|Any CPU
		{db19f6f5-7f03-db95-1408-a0b946611f0f}.Debug|Any CPU.ActiveCfg = Debug|Any CPU
		{db19f6f5-7f03-db95-1408-a0b946611f0f}.Debug|Any CPU.Build.0 = Debug|Any CPU
		{748ee668-7d38-e093-f9df-de406c7505f0}.Debug|Any CPU.ActiveCfg = Debug|Any CPU
		{748ee668-7d38-e093-f9df-de406c7505f0}.Debug|Any CPU.Build.0 = Debug|Any CPU
		{5a2ae43e-c9a8-324c-7104-56c6cf433093}.Debug|Any CPU.ActiveCfg = Debug|Any CPU
		{5a2ae43e-c9a8-324c-7104-56c6cf433093}.Debug|Any CPU.Build.0 = Debug|Any CPU
		{4595b199-e5de-3669-8a05-186b9dfb8d7b}.Debug|Any CPU.ActiveCfg = Debug|Any CPU
		{4595b199-e5de-3669-8a05-186b9dfb8d7b}.Debug|Any CPU.Build.0 = Debug|Any CPU
		{c85dbfd2-1164-1e93-602b-2dd5ff665a43}.Debug|Any CPU.ActiveCfg = Debug|Any CPU
		{c85dbfd2-1164-1e93-602b-2dd5ff665a43}.Debug|Any CPU.Build.0 = Debug|Any CPU
		{fb2dceb4-fe31-5d3d-9adb-a67acf35a766}.Debug|Any CPU.ActiveCfg = Debug|Any CPU
		{fb2dceb4-fe31-5d3d-9adb-a67acf35a766}.Debug|Any CPU.Build.0 = Debug|Any CPU
		{81e577d9-2241-e510-d6a8-7f26824fd79a}.Debug|Any CPU.ActiveCfg = Debug|Any CPU
		{81e577d9-2241-e510-d6a8-7f26824fd79a}.Debug|Any CPU.Build.0 = Debug|Any CPU
		{ea6b2417-0b5a-d875-7f03-b748d19430ec}.Debug|Any CPU.ActiveCfg = Debug|Any CPU
		{ea6b2417-0b5a-d875-7f03-b748d19430ec}.Debug|Any CPU.Build.0 = Debug|Any CPU
		{d75c5ec8-e5c3-0439-59b0-c3f699087f85}.Debug|Any CPU.ActiveCfg = Debug|Any CPU
		{d75c5ec8-e5c3-0439-59b0-c3f699087f85}.Debug|Any CPU.Build.0 = Debug|Any CPU
		{deebb5db-ea1c-beaf-2132-50624dfe3d3d}.Debug|Any CPU.ActiveCfg = Debug|Any CPU
		{deebb5db-ea1c-beaf-2132-50624dfe3d3d}.Debug|Any CPU.Build.0 = Debug|Any CPU
		{01779733-de6d-f320-fb39-c7ca45297a00}.Debug|Any CPU.ActiveCfg = Debug|Any CPU
		{01779733-de6d-f320-fb39-c7ca45297a00}.Debug|Any CPU.Build.0 = Debug|Any CPU
		{300ed728-8a47-98bf-3aa4-eadbf967f3b6}.Debug|Any CPU.ActiveCfg = Debug|Any CPU
		{300ed728-8a47-98bf-3aa4-eadbf967f3b6}.Debug|Any CPU.Build.0 = Debug|Any CPU
		{7dbf8319-8bbc-dde9-2eaf-0f2243ba021f}.Debug|Any CPU.ActiveCfg = Debug|Any CPU
		{7dbf8319-8bbc-dde9-2eaf-0f2243ba021f}.Debug|Any CPU.Build.0 = Debug|Any CPU
		{400734dc-ec58-e070-d8c2-cb8b02ab9342}.Debug|Any CPU.ActiveCfg = Debug|Any CPU
		{400734dc-ec58-e070-d8c2-cb8b02ab9342}.Debug|Any CPU.Build.0 = Debug|Any CPU
		{08e312d1-b280-3bb1-51ee-ec9b89208d31}.Debug|Any CPU.ActiveCfg = Debug|Any CPU
		{08e312d1-b280-3bb1-51ee-ec9b89208d31}.Debug|Any CPU.Build.0 = Debug|Any CPU
		{e5d2f0fc-36ee-a056-aa2d-5e8922905bf1}.Debug|Any CPU.ActiveCfg = Debug|Any CPU
		{e5d2f0fc-36ee-a056-aa2d-5e8922905bf1}.Debug|Any CPU.Build.0 = Debug|Any CPU
		{860fd13e-80a9-3319-e580-ed26c33ec1f3}.Debug|Any CPU.ActiveCfg = Debug|Any CPU
		{860fd13e-80a9-3319-e580-ed26c33ec1f3}.Debug|Any CPU.Build.0 = Debug|Any CPU
		{da91e5aa-fdbd-7c8c-a759-ac6cc9ed8421}.Debug|Any CPU.ActiveCfg = Debug|Any CPU
		{da91e5aa-fdbd-7c8c-a759-ac6cc9ed8421}.Debug|Any CPU.Build.0 = Debug|Any CPU
		{99cf8459-bb12-a4c6-4ee6-5a1d2c0f6d97}.Debug|Any CPU.ActiveCfg = Debug|Any CPU
		{99cf8459-bb12-a4c6-4ee6-5a1d2c0f6d97}.Debug|Any CPU.Build.0 = Debug|Any CPU
		{0b1e9174-a5ff-cf0e-efa8-0ac2e89b3df9}.Debug|Any CPU.ActiveCfg = Debug|Any CPU
		{0b1e9174-a5ff-cf0e-efa8-0ac2e89b3df9}.Debug|Any CPU.Build.0 = Debug|Any CPU
		{4b2f92ba-bba6-c48c-6250-20c6258e710c}.Debug|Any CPU.ActiveCfg = Debug|Any CPU
		{4b2f92ba-bba6-c48c-6250-20c6258e710c}.Debug|Any CPU.Build.0 = Debug|Any CPU
		{5a7f093a-0377-0e9f-5d07-3e8591b17320}.Debug|Any CPU.ActiveCfg = Debug|Any CPU
		{5a7f093a-0377-0e9f-5d07-3e8591b17320}.Debug|Any CPU.Build.0 = Debug|Any CPU
		{438d8508-93a7-ef62-2bfa-71e0107ca4e5}.Debug|Any CPU.ActiveCfg = Debug|Any CPU
		{438d8508-93a7-ef62-2bfa-71e0107ca4e5}.Debug|Any CPU.Build.0 = Debug|Any CPU
		{06e3a5f1-0c00-03bf-060c-35eaea75571e}.Debug|Any CPU.ActiveCfg = Debug|Any CPU
		{06e3a5f1-0c00-03bf-060c-35eaea75571e}.Debug|Any CPU.Build.0 = Debug|Any CPU
		{7c3ea777-c9fb-8c01-4228-99264bbb72b9}.Debug|Any CPU.ActiveCfg = Debug|Any CPU
		{7c3ea777-c9fb-8c01-4228-99264bbb72b9}.Debug|Any CPU.Build.0 = Debug|Any CPU
		{bbad36ab-d275-ecc4-97a2-cccf42f6d4bf}.Debug|Any CPU.ActiveCfg = Debug|Any CPU
		{bbad36ab-d275-ecc4-97a2-cccf42f6d4bf}.Debug|Any CPU.Build.0 = Debug|Any CPU
		{67903ba9-0755-a729-219d-44afd449950e}.Debug|Any CPU.ActiveCfg = Debug|Any CPU
		{67903ba9-0755-a729-219d-44afd449950e}.Debug|Any CPU.Build.0 = Debug|Any CPU
		{e6bd4abc-5021-cce4-1054-2193bd1cb79f}.Debug|Any CPU.ActiveCfg = Debug|Any CPU
		{e6bd4abc-5021-cce4-1054-2193bd1cb79f}.Debug|Any CPU.Build.0 = Debug|Any CPU
	EndGlobalSection
	GlobalSection(SolutionProperties) = preSolution
		HideSolutionNode = FALSE
	EndGlobalSection
EndGlobal
