
Microsoft Visual Studio Solution File, Format Version 11.00
# Visual Studio 2010
Project("{FAE04EC0-301F-11D3-BF4B-00C04F79EFBC}") = "Assembly-CSharp", "Assembly-CSharp.csproj", "{13806e10-fc92-172b-197e-8ed9bd79c51d}"
EndProject
Project("{FAE04EC0-301F-11D3-BF4B-00C04F79EFBC}") = "Assembly-CSharp-firstpass", "Assembly-CSharp-firstpass.csproj", "{e6bd4abc-5021-cce4-1054-2193bd1cb79f}"
EndProject
Global
	GlobalSection(SolutionConfigurationPlatforms) = preSolution
		Debug|Any CPU = Debug|Any CPU
	EndGlobalSection
	GlobalSection(ProjectConfigurationPlatforms) = postSolution
		{13806e10-fc92-172b-197e-8ed9bd79c51d}.Debug|Any CPU.ActiveCfg = Debug|Any CPU
		{13806e10-fc92-172b-197e-8ed9bd79c51d}.Debug|Any CPU.Build.0 = Debug|Any CPU
		{e6bd4abc-5021-cce4-1054-2193bd1cb79f}.Debug|Any CPU.ActiveCfg = Debug|Any CPU
		{e6bd4abc-5021-cce4-1054-2193bd1cb79f}.Debug|Any CPU.Build.0 = Debug|Any CPU
	EndGlobalSection
	GlobalSection(SolutionProperties) = preSolution
		HideSolutionNode = FALSE
	EndGlobalSection
EndGlobal
